
Microsoft Visual Studio Solution File, Format Version 12.00
Project("{FAE04EC0-301F-11D3-BF4B-00C04F79EFBC}") = "Notes.Identity", "Notes.Identity\Notes.Identity.csproj", "{74FA3173-D9BA-400E-BFFB-44850E7734D7}"
EndProject
Global
	GlobalSection(SolutionConfigurationPlatforms) = preSolution
		Debug|Any CPU = Debug|Any CPU
		Release|Any CPU = Release|Any CPU
	EndGlobalSection
	GlobalSection(ProjectConfigurationPlatforms) = postSolution
		{74FA3173-D9BA-400E-BFFB-44850E7734D7}.Debug|Any CPU.ActiveCfg = Debug|Any CPU
		{74FA3173-D9BA-400E-BFFB-44850E7734D7}.Debug|Any CPU.Build.0 = Debug|Any CPU
		{74FA3173-D9BA-400E-BFFB-44850E7734D7}.Release|Any CPU.ActiveCfg = Release|Any CPU
		{74FA3173-D9BA-400E-BFFB-44850E7734D7}.Release|Any CPU.Build.0 = Release|Any CPU
	EndGlobalSection
EndGlobal
